
Microsoft Visual Studio Solution File, Format Version 12.00
# Visual Studio Version 17
VisualStudioVersion = 17.13.35931.197 d17.13
MinimumVisualStudioVersion = 10.0.40219.1
Project("{FAE04EC0-301F-11D3-BF4B-00C04F79EFBC}") = "EDP_Store_ Inventory", "EDP_Store_ Inventory\EDP_Store_ Inventory.csproj", "{56E3B0DA-C3D0-4431-AEDB-FC4EB4BC70EF}"
EndProject
Global
	GlobalSection(SolutionConfigurationPlatforms) = preSolution
		Debug|Any CPU = Debug|Any CPU
		Release|Any CPU = Release|Any CPU
	EndGlobalSection
	GlobalSection(ProjectConfigurationPlatforms) = postSolution
		{56E3B0DA-C3D0-4431-AEDB-FC4EB4BC70EF}.Debug|Any CPU.ActiveCfg = Debug|Any CPU
		{56E3B0DA-C3D0-4431-AEDB-FC4EB4BC70EF}.Debug|Any CPU.Build.0 = Debug|Any CPU
		{56E3B0DA-C3D0-4431-AEDB-FC4EB4BC70EF}.Release|Any CPU.ActiveCfg = Release|Any CPU
		{56E3B0DA-C3D0-4431-AEDB-FC4EB4BC70EF}.Release|Any CPU.Build.0 = Release|Any CPU
	EndGlobalSection
	GlobalSection(SolutionProperties) = preSolution
		HideSolutionNode = FALSE
	EndGlobalSection
	GlobalSection(ExtensibilityGlobals) = postSolution
		SolutionGuid = {9C1ADA2E-653E-4E15-8A5A-75650B3B550E}
	EndGlobalSection
EndGlobal
